<?xml version="1.0" encoding="utf-8"?>
<Project ToolsVersion="4.0" xmlns="http://schemas.microsoft.com/developer/msbuild/2003">
  <ItemGroup>
    <Filter Include="Source Files">
      <UniqueIdentifier>{4FC737F1-C7A5-4376-A066-2A32D752A2FF}</UniqueIdentifier>
      <Extensions>cpp;c;cc;cxx;c++;cppm;ixx;def;odl;idl;hpj;bat;asm;asmx</Extensions>
    </Filter>
    <Filter Include="Header Files">
      <UniqueIdentifier>{93995380-89BD-4b04-88EB-625FBE52EBFB}</UniqueIdentifier>
      <Extensions>h;hh;hpp;hxx;h++;hm;inl;inc;ipp;xsd</Extensions>
    </Filter>
    <Filter Include="Resource Files">
      <UniqueIdentifier>{67DA6AB6-F800-4c08-8B7A-83BB121AAD01}</UniqueIdentifier>
      <Extensions>rc;ico;cur;bmp;dlg;rc2;rct;bin;rgs;gif;jpg;jpeg;jpe;resx;tiff;tif;png;wav;mfcribbon-ms</Extensions>
    </Filter>
    <Filter Include="Header Files\Server">
      <UniqueIdentifier>{abae950d-a9b1-47dc-b652-233edd9bcc60}</UniqueIdentifier>
    </Filter>
    <Filter Include="Source Files\Server">
      <UniqueIdentifier>{6c1a0318-f486-4faa-8950-44780d56613a}</UniqueIdentifier>
    </Filter>
    <Filter Include="Header Files\Utils">
      <UniqueIdentifier>{59a4ad18-ec84-44c3-9653-a20eb0d2c021}</UniqueIdentifier>
    </Filter>
    <Filter Include="Source Files\Utils">
      <UniqueIdentifier>{be1f8da4-1776-4e86-8ab8-f71f98a7d63f}</UniqueIdentifier>
    </Filter>
    <Filter Include="Header Files\Player">
      <UniqueIdentifier>{443def85-450e-4353-89ac-277ec7e8b8d7}</UniqueIdentifier>
    </Filter>
    <Filter Include="Source Files\Player">
      <UniqueIdentifier>{b29d0626-4579-42c1-bb4b-17c5569127c1}</UniqueIdentifier>
    </Filter>
    <Filter Include="Header Files\Items">
      <UniqueIdentifier>{97af0e60-1fec-45a2-a9a9-7c2b063c7b0b}</UniqueIdentifier>
    </Filter>
    <Filter Include="Source Files\Items">
      <UniqueIdentifier>{24777d87-0294-472e-8779-60446a9ae9aa}</UniqueIdentifier>
    </Filter>
    <Filter Include="Header Files\Packet">
      <UniqueIdentifier>{d2de127a-eeeb-4bf8-8333-8ca7192bfd46}</UniqueIdentifier>
    </Filter>
    <Filter Include="Source Files\Packet">
      <UniqueIdentifier>{911f397c-8014-4f8c-a1ac-59bc65697063}</UniqueIdentifier>
    </Filter>
  </ItemGroup>
  <ItemGroup>
    <ClCompile Include="main.cpp">
      <Filter>Source Files</Filter>
    </ClCompile>
    <ClCompile Include="Server\GrowServer.cpp">
      <Filter>Source Files\Server</Filter>
    </ClCompile>
    <ClCompile Include="Utils\Utils.cpp">
      <Filter>Source Files\Utils</Filter>
    </ClCompile>
    <ClCompile Include="Player\RolePlayer.cpp">
      <Filter>Source Files\Player</Filter>
    </ClCompile>
    <ClCompile Include="Items\ItemsEncoder.cpp">
      <Filter>Source Files\Items</Filter>
    </ClCompile>
    <ClCompile Include="Server\ServerController.cpp">
      <Filter>Source Files\Server</Filter>
    </ClCompile>
    <ClCompile Include="Packet\GrowPacket.cpp">
      <Filter>Source Files\Packet</Filter>
    </ClCompile>
    <ClCompile Include="Server\ServerHandler.cpp">
      <Filter>Source Files\Server</Filter>
    </ClCompile>
    <ClCompile Include="Server\ServerConfig.cpp">
      <Filter>Source Files\Server</Filter>
    </ClCompile>
  </ItemGroup>
  <ItemGroup>
    <ClInclude Include="Header\Server\ENetServer.h">
      <Filter>Header Files\Server</Filter>
    </ClInclude>
    <ClInclude Include="Header\Server\GrowServer.h">
      <Filter>Header Files\Server</Filter>
    </ClInclude>
    <ClInclude Include="Header\Utils\Utils.h">
      <Filter>Header Files\Utils</Filter>
    </ClInclude>
    <ClInclude Include="Header\Utils\ConsoleOutput.h">
      <Filter>Header Files\Utils</Filter>
    </ClInclude>
    <ClInclude Include="Header\Player\GrowPlayer.h">
      <Filter>Header Files\Player</Filter>
    </ClInclude>
    <ClInclude Include="Header\Player\PlayerStruct.h">
      <Filter>Header Files\Player</Filter>
    </ClInclude>
    <ClInclude Include="Header\Utils\GenerateStruct.h">
      <Filter>Header Files\Utils</Filter>
    </ClInclude>
    <ClInclude Include="Header\Player\RoleStruct.h">
      <Filter>Header Files\Player</Filter>
    </ClInclude>
    <ClInclude Include="Header\Server\ServerStruct.h">
      <Filter>Header Files\Server</Filter>
    </ClInclude>
    <ClInclude Include="Header\Items\GrowItems.h">
      <Filter>Header Files\Items</Filter>
    </ClInclude>
    <ClInclude Include="Header\Packet\GrowPacket.h">
      <Filter>Header Files\Packet</Filter>
    </ClInclude>
    <ClInclude Include="Header\Packet\VariantList.h">
      <Filter>Header Files\Packet</Filter>
    </ClInclude>
    <ClInclude Include="Header\Packet\SendPacket.h">
      <Filter>Header Files\Packet</Filter>
    </ClInclude>
    <ClInclude Include="Header\Server\ENetHandler.h">
      <Filter>Header Files\Server</Filter>
    </ClInclude>
    <ClInclude Include="Header\Server\ServerConfig.h">
      <Filter>Header Files\Server</Filter>
    </ClInclude>
  </ItemGroup>
</Project>